
Microsoft Visual Studio Solution File, Format Version 12.00
# Visual Studio Version 17
VisualStudioVersion = 17.14.36310.24 d17.14
MinimumVisualStudioVersion = 10.0.40219.1
Project("{FAE04EC0-301F-11D3-BF4B-00C04F79EFBC}") = "ASP.NETCoreD04", "ASP.NETCoreD04\ASP.NETCoreD04.csproj", "{EC559C30-B56A-41B5-8A4C-99B6FD7045D7}"
EndProject
Global
	GlobalSection(SolutionConfigurationPlatforms) = preSolution
		Debug|Any CPU = Debug|Any CPU
		Release|Any CPU = Release|Any CPU
	EndGlobalSection
	GlobalSection(ProjectConfigurationPlatforms) = postSolution
		{EC559C30-B56A-41B5-8A4C-99B6FD7045D7}.Debug|Any CPU.ActiveCfg = Debug|Any CPU
		{EC559C30-B56A-41B5-8A4C-99B6FD7045D7}.Debug|Any CPU.Build.0 = Debug|Any CPU
		{EC559C30-B56A-41B5-8A4C-99B6FD7045D7}.Release|Any CPU.ActiveCfg = Release|Any CPU
		{EC559C30-B56A-41B5-8A4C-99B6FD7045D7}.Release|Any CPU.Build.0 = Release|Any CPU
	EndGlobalSection
	GlobalSection(SolutionProperties) = preSolution
		HideSolutionNode = FALSE
	EndGlobalSection
	GlobalSection(ExtensibilityGlobals) = postSolution
		SolutionGuid = {35B0221F-631E-47A9-9ED9-BB9D56D24A7F}
	EndGlobalSection
EndGlobal
